{
  "name": "lier",
  "version": "2.1.15",
  "lockfileVersion": 1,
  "dependencies": {
    "balanced-match": {
      "version": "1.0.0",
      "resolved": "http://r.npm.sankuai.com/balanced-match/download/balanced-match-1.0.0.tgz",
      "integrity": "sha1-ibTRmasr7kneFk6gK4nORi1xt2c=",
      "dev": true
    },
    "big.js": {
      "version": "3.2.0",
      "resolved": "http://r.npm.sankuai.com/big.js/download/big.js-3.2.0.tgz",
      "integrity": "sha1-pfwpi4G54Nyi5FiCR4S2XFK6WI4="
    },
    "brace-expansion": {
      "version": "1.1.8",
      "resolved": "http://r.npm.sankuai.com/brace-expansion/download/brace-expansion-1.1.8.tgz",
      "integrity": "sha1-wHshHHyVLsH479Uad+8NHTmQopI=",
      "dev": true
    },
    "commander": {
      "version": "2.9.0",
      "resolved": "http://r.npm.sankuai.com/commander/download/commander-2.9.0.tgz",
      "integrity": "sha1-nJkJQXbhIkDLItbFFGCYQA/g99Q=",
      "dev": true
    },
    "concat-map": {
      "version": "0.0.1",
      "resolved": "http://r.npm.sankuai.com/concat-map/download/concat-map-0.0.1.tgz",
      "integrity": "sha1-2Klr13/Wjfd5OnMDajug1UBdR3s=",
      "dev": true
    },
    "discontinuous-range": {
      "version": "1.0.0",
      "resolved": "http://r.npm.sankuai.com/discontinuous-range/download/discontinuous-range-1.0.0.tgz",
      "integrity": "sha1-44Mx8IRLukm5qctxx3FYWqsbxlo="
    },
    "graceful-readlink": {
      "version": "1.0.1",
      "resolved": "http://r.npm.sankuai.com/graceful-readlink/download/graceful-readlink-1.0.1.tgz",
      "integrity": "sha1-TK+tdrxi8C+gObL5Tpo906ORpyU=",
      "dev": true
    },
    "jhash": {
      "version": "0.1.10",
      "resolved": "http://r.npm.sankuai.com/jhash/download/jhash-0.1.10.tgz",
      "integrity": "sha1-zhtYwL9vR0V/9iTC4CjQuJ1ih1c=",
      "dev": true
    },
    "junit": {
      "version": "1.4.9",
      "resolved": "http://r.npm.sankuai.com/junit/download/junit-1.4.9.tgz",
      "integrity": "sha1-a8EtKFNtvwKEwz28915C2yc/PaQ=",
      "dev": true
    },
    "lodash": {
      "version": "4.17.4",
      "resolved": "http://r.npm.sankuai.com/lodash/download/lodash-4.17.4.tgz",
      "integrity": "sha1-eCA6TRwyiuHYbcpkYONptX9AVa4="
    },
    "noflow": {
      "version": "0.8.9",
      "resolved": "http://r.npm.sankuai.com/noflow/download/noflow-0.8.9.tgz",
      "integrity": "sha1-yF5IJbso4C5xFOUT8nOfiXli7OQ=",
      "dev": true,
      "dependencies": {
        "yaku": {
          "version": "0.17.9",
          "resolved": "http://r.npm.sankuai.com/yaku/download/yaku-0.17.9.tgz",
          "integrity": "sha1-Thxs6DIawRWFT/mVU+T3IOivVic=",
          "dev": true
        }
      }
    },
    "nofs": {
      "version": "0.11.20",
      "resolved": "http://r.npm.sankuai.com/nofs/download/nofs-0.11.20.tgz",
      "integrity": "sha1-F+avLNo8eT6GIdkDx61/EXmU7Y4=",
      "dev": true,
      "dependencies": {
        "minimatch": {
          "version": "3.0.3",
          "resolved": "https://registry.npmjs.org/minimatch/-/minimatch-3.0.3.tgz",
          "integrity": "sha1-Kk5AkLlrLbBqnX3wEFWmKnfJt3Q=",
          "dev": true
        },
        "yaku": {
          "version": "0.17.7",
          "resolved": "http://r.npm.sankuai.com/yaku/download/yaku-0.17.7.tgz",
          "integrity": "sha1-2jHY6+e8ERI+No2QpZizsBfMm00=",
          "dev": true
        }
      }
    },
    "nokit": {
      "version": "0.23.26",
      "resolved": "http://r.npm.sankuai.com/nokit/download/nokit-0.23.26.tgz",
      "integrity": "sha1-yTIEm09A2kmG1PJYYhO7jZpiNLg=",
      "dev": true,
      "dependencies": {
        "minimatch": {
          "version": "3.0.3",
          "resolved": "https://registry.npmjs.org/minimatch/-/minimatch-3.0.3.tgz",
          "integrity": "sha1-Kk5AkLlrLbBqnX3wEFWmKnfJt3Q=",
          "dev": true
        },
        "nofs": {
          "version": "0.11.21",
          "resolved": "http://r.npm.sankuai.com/nofs/download/nofs-0.11.21.tgz",
          "integrity": "sha1-fKfVJGV3XEfn+UuuutjlG2FjeHo=",
          "dev": true
        },
        "semver": {
          "version": "5.3.0",
          "resolved": "https://registry.npmjs.org/semver/-/semver-5.3.0.tgz",
          "integrity": "sha1-myzl094C0XxgEq0yaqa00M9U+U8=",
          "dev": true
        },
        "yaku": {
          "version": "0.17.9",
          "resolved": "http://r.npm.sankuai.com/yaku/download/yaku-0.17.9.tgz",
          "integrity": "sha1-Thxs6DIawRWFT/mVU+T3IOivVic=",
          "dev": true
        }
      }
    },
    "pegjs": {
      "version": "0.10.0",
      "resolved": "https://registry.npmjs.org/pegjs/-/pegjs-0.10.0.tgz",
      "integrity": "sha1-z4uvrm7d/0tafvsYUmnqr0YQ3b0=",
      "dev": true
    },
    "randexp": {
      "version": "0.4.6",
      "resolved": "http://r.npm.sankuai.com/randexp/download/randexp-0.4.6.tgz",
      "integrity": "sha1-6YatXl4x2uE93W97MBmqfIf2DKM="
    },
    "ret": {
      "version": "0.1.15",
      "resolved": "http://r.npm.sankuai.com/ret/download/ret-0.1.15.tgz",
      "integrity": "sha1-uKSCXVvbH8P29Twrwz+BOIaBx7w="
    },
    "typescript": {
      "version": "2.5.2",
      "resolved": "http://r.npm.sankuai.com/typescript/download/typescript-2.5.2.tgz",
      "integrity": "sha1-A4qV99m7tCCxvzW6MdTFwd0//jQ=",
      "dev": true
    },
    "yaku": {
      "version": "0.17.8",
      "resolved": "http://r.npm.sankuai.com/yaku/download/yaku-0.17.8.tgz",
      "integrity": "sha1-Yf7cQIAsadD4IzJGkUHnBNFNh2o=",
      "dev": true
    }
  }
}
